
Microsoft Visual Studio Solution File, Format Version 12.00
# Visual Studio 14
VisualStudioVersion = 14.0.25420.1
MinimumVisualStudioVersion = 10.0.40219.1
Project("{FAE04EC0-301F-11D3-BF4B-00C04F79EFBC}") = "XPSEditor", "XPSEditor\XPSEditor.csproj", "{2DA1E61D-103F-4C8B-AB85-A7996DDCA5E7}"
EndProject
Project("{8BC9CEB8-8B4A-11D0-8D11-00A0C91BC942}") = "XPSLib.CPP.CLI", "XPSLib.CPP.CLI\XPSLib.CPP.CLI.vcxproj", "{9C71BC87-C1B6-4213-9CE3-7FA17731C4B7}"
EndProject
Project("{8BC9CEB8-8B4A-11D0-8D11-00A0C91BC942}") = "XPSLib.CPP", "XPSLib.CPP\XPSLib.vcxproj", "{2397755E-7DB4-41BA-B4F2-5D9C3609DE25}"
EndProject
Project("{2150E333-8FDC-42A3-9474-1A3956D46DE8}") = "Solution Items", "Solution Items", "{B1BD761E-A0A7-4E52-BD36-68A48DE0B788}"
EndProject
Global
	GlobalSection(SolutionConfigurationPlatforms) = preSolution
		Debug|Any CPU = Debug|Any CPU
		Debug|x64 = Debug|x64
		Debug|x86 = Debug|x86
		Release|Any CPU = Release|Any CPU
		Release|x64 = Release|x64
		Release|x86 = Release|x86
	EndGlobalSection
	GlobalSection(ProjectConfigurationPlatforms) = postSolution
		{2DA1E61D-103F-4C8B-AB85-A7996DDCA5E7}.Debug|Any CPU.ActiveCfg = Debug|Any CPU
		{2DA1E61D-103F-4C8B-AB85-A7996DDCA5E7}.Debug|Any CPU.Build.0 = Debug|Any CPU
		{2DA1E61D-103F-4C8B-AB85-A7996DDCA5E7}.Debug|x64.ActiveCfg = Debug|x64
		{2DA1E61D-103F-4C8B-AB85-A7996DDCA5E7}.Debug|x64.Build.0 = Debug|x64
		{2DA1E61D-103F-4C8B-AB85-A7996DDCA5E7}.Debug|x86.ActiveCfg = Debug|Any CPU
		{2DA1E61D-103F-4C8B-AB85-A7996DDCA5E7}.Debug|x86.Build.0 = Debug|Any CPU
		{2DA1E61D-103F-4C8B-AB85-A7996DDCA5E7}.Release|Any CPU.ActiveCfg = Release|Any CPU
		{2DA1E61D-103F-4C8B-AB85-A7996DDCA5E7}.Release|Any CPU.Build.0 = Release|Any CPU
		{2DA1E61D-103F-4C8B-AB85-A7996DDCA5E7}.Release|x64.ActiveCfg = Release|Any CPU
		{2DA1E61D-103F-4C8B-AB85-A7996DDCA5E7}.Release|x64.Build.0 = Release|Any CPU
		{2DA1E61D-103F-4C8B-AB85-A7996DDCA5E7}.Release|x86.ActiveCfg = Release|Any CPU
		{2DA1E61D-103F-4C8B-AB85-A7996DDCA5E7}.Release|x86.Build.0 = Release|Any CPU
		{9C71BC87-C1B6-4213-9CE3-7FA17731C4B7}.Debug|Any CPU.ActiveCfg = Debug|Win32
		{9C71BC87-C1B6-4213-9CE3-7FA17731C4B7}.Debug|x64.ActiveCfg = Debug|x64
		{9C71BC87-C1B6-4213-9CE3-7FA17731C4B7}.Debug|x64.Build.0 = Debug|x64
		{9C71BC87-C1B6-4213-9CE3-7FA17731C4B7}.Debug|x86.ActiveCfg = Debug|Win32
		{9C71BC87-C1B6-4213-9CE3-7FA17731C4B7}.Debug|x86.Build.0 = Debug|Win32
		{9C71BC87-C1B6-4213-9CE3-7FA17731C4B7}.Release|Any CPU.ActiveCfg = Release|Win32
		{9C71BC87-C1B6-4213-9CE3-7FA17731C4B7}.Release|x64.ActiveCfg = Release|x64
		{9C71BC87-C1B6-4213-9CE3-7FA17731C4B7}.Release|x64.Build.0 = Release|x64
		{9C71BC87-C1B6-4213-9CE3-7FA17731C4B7}.Release|x86.ActiveCfg = Release|Win32
		{9C71BC87-C1B6-4213-9CE3-7FA17731C4B7}.Release|x86.Build.0 = Release|Win32
		{2397755E-7DB4-41BA-B4F2-5D9C3609DE25}.Debug|Any CPU.ActiveCfg = Debug|Win32
		{2397755E-7DB4-41BA-B4F2-5D9C3609DE25}.Debug|x64.ActiveCfg = Debug|x64
		{2397755E-7DB4-41BA-B4F2-5D9C3609DE25}.Debug|x64.Build.0 = Debug|x64
		{2397755E-7DB4-41BA-B4F2-5D9C3609DE25}.Debug|x86.ActiveCfg = Debug|Win32
		{2397755E-7DB4-41BA-B4F2-5D9C3609DE25}.Debug|x86.Build.0 = Debug|Win32
		{2397755E-7DB4-41BA-B4F2-5D9C3609DE25}.Release|Any CPU.ActiveCfg = Release|Win32
		{2397755E-7DB4-41BA-B4F2-5D9C3609DE25}.Release|x64.ActiveCfg = Release|x64
		{2397755E-7DB4-41BA-B4F2-5D9C3609DE25}.Release|x64.Build.0 = Release|x64
		{2397755E-7DB4-41BA-B4F2-5D9C3609DE25}.Release|x86.ActiveCfg = Release|Win32
		{2397755E-7DB4-41BA-B4F2-5D9C3609DE25}.Release|x86.Build.0 = Release|Win32
	EndGlobalSection
	GlobalSection(SolutionProperties) = preSolution
		HideSolutionNode = FALSE
	EndGlobalSection
EndGlobal
